
Microsoft Visual Studio Solution File, Format Version 12.00
# Visual Studio Version 17
VisualStudioVersion = 17.8.34309.116
MinimumVisualStudioVersion = 10.0.40219.1
Project("{FAE04EC0-301F-11D3-BF4B-00C04F79EFBC}") = "L2DataParser", "L2DataParser\L2DataParser.csproj", "{C3294176-87AE-42BE-A7B7-6253E61B3724}"
EndProject
Global
	GlobalSection(SolutionConfigurationPlatforms) = preSolution
		Debug|Any CPU = Debug|Any CPU
		Release|Any CPU = Release|Any CPU
	EndGlobalSection
	GlobalSection(ProjectConfigurationPlatforms) = postSolution
		{C3294176-87AE-42BE-A7B7-6253E61B3724}.Debug|Any CPU.ActiveCfg = Debug|Any CPU
		{C3294176-87AE-42BE-A7B7-6253E61B3724}.Debug|Any CPU.Build.0 = Debug|Any CPU
		{C3294176-87AE-42BE-A7B7-6253E61B3724}.Release|Any CPU.ActiveCfg = Release|Any CPU
		{C3294176-87AE-42BE-A7B7-6253E61B3724}.Release|Any CPU.Build.0 = Release|Any CPU
	EndGlobalSection
	GlobalSection(SolutionProperties) = preSolution
		HideSolutionNode = FALSE
	EndGlobalSection
	GlobalSection(ExtensibilityGlobals) = postSolution
		SolutionGuid = {D27A958B-448C-4306-BDE5-67D760A6C365}
	EndGlobalSection
EndGlobal
